
Microsoft Visual Studio Solution File, Format Version 12.00
# Visual Studio Version 17
VisualStudioVersion = 17.5.002.0
MinimumVisualStudioVersion = 10.0.40219.1
Project("{9A19103F-16F7-4668-BE54-9A1E7A4F7556}") = "Chatbot.API", "Chatbot.API.csproj", "{DD0C865E-5B6C-42AA-8892-452EBD485394}"
EndProject
Global
	GlobalSection(SolutionConfigurationPlatforms) = preSolution
		Debug|Any CPU = Debug|Any CPU
		Release|Any CPU = Release|Any CPU
	EndGlobalSection
	GlobalSection(ProjectConfigurationPlatforms) = postSolution
		{DD0C865E-5B6C-42AA-8892-452EBD485394}.Debug|Any CPU.ActiveCfg = Debug|Any CPU
		{DD0C865E-5B6C-42AA-8892-452EBD485394}.Debug|Any CPU.Build.0 = Debug|Any CPU
		{DD0C865E-5B6C-42AA-8892-452EBD485394}.Release|Any CPU.ActiveCfg = Release|Any CPU
		{DD0C865E-5B6C-42AA-8892-452EBD485394}.Release|Any CPU.Build.0 = Release|Any CPU
	EndGlobalSection
	GlobalSection(SolutionProperties) = preSolution
		HideSolutionNode = FALSE
	EndGlobalSection
	GlobalSection(ExtensibilityGlobals) = postSolution
		SolutionGuid = {5965E170-5584-43FC-B5CD-DDD29A0F1BA0}
	EndGlobalSection
EndGlobal
